# THIS IS AN AUTOGENERATED FILE. DO NOT EDIT THIS FILE DIRECTLY.
# yarn lockfile v1


"@apollo/client@3.2.9":
  version "3.2.9"
  resolved "https://registry.yarnpkg.com/@apollo/client/-/client-3.2.9.tgz#a24a7792519adb3af8a74a60d9e83732238d0afd"
  integrity sha512-AUvYITKhJNfRNU/Cf8t/N628ADdVah1+l9Qtjd09IwScRfDGvbBTkHMAgcb6hl7vuBVqGwQRq6fPKzHgWRlisg==
  dependencies:
    "@graphql-typed-document-node/core" "^3.0.0"
    "@types/zen-observable" "^0.8.0"
    "@wry/context" "^0.5.2"
    "@wry/equality" "^0.2.0"
    fast-json-stable-stringify "^2.0.0"
    graphql-tag "^2.11.0"
    hoist-non-react-statics "^3.3.2"
    optimism "^0.13.0"
    prop-types "^15.7.2"
    symbol-observable "^2.0.0"
    ts-invariant "^0.5.0"
    tslib "^1.10.0"
    zen-observable "^0.8.14"

"@graphql-typed-document-node/core@^3.0.0":
  version "3.1.0"
  resolved "https://registry.yarnpkg.com/@graphql-typed-document-node/core/-/core-3.1.0.tgz#0eee6373e11418bfe0b5638f654df7a4ca6a3950"
  integrity sha512-wYn6r8zVZyQJ6rQaALBEln5B1pzxb9shV5Ef97kTvn6yVGrqyXVnDqnU24MXnFubR+rZjBY9NWuxX3FB2sTsjg==

"@types/node@12.19.6":
  version "12.19.6"
  resolved "https://registry.yarnpkg.com/@types/node/-/node-12.19.6.tgz#fbf249fa46487dd8c7386d785231368b92a33a53"
  integrity sha512-U2VopDdmBoYBmtm8Rz340mvvSz34VgX/K9+XCuckvcLGMkt3rbMX8soqFOikIPlPBc5lmw8By9NUK7bEFSBFlQ==

"@types/zen-observable@^0.8.0":
  version "0.8.2"
  resolved "https://registry.yarnpkg.com/@types/zen-observable/-/zen-observable-0.8.2.tgz#808c9fa7e4517274ed555fa158f2de4b4f468e71"
  integrity sha512-HrCIVMLjE1MOozVoD86622S7aunluLb2PJdPfb3nYiEtohm8mIB/vyv0Fd37AdeMFrTUQXEunw78YloMA3Qilg==

"@wry/context@^0.5.2":
  version "0.5.4"
  resolved "https://registry.yarnpkg.com/@wry/context/-/context-0.5.4.tgz#b6c28038872e0a0e1ff14eb40b5bf4cab2ab4e06"
  integrity sha512-/pktJKHUXDr4D6TJqWgudOPJW2Z+Nb+bqk40jufA3uTkLbnCRKdJPiYDIa/c7mfcPH8Hr6O8zjCERpg5Sq04Zg==
  dependencies:
    tslib "^1.14.1"

"@wry/equality@^0.2.0":
  version "0.2.0"
  resolved "https://registry.yarnpkg.com/@wry/equality/-/equality-0.2.0.tgz#a312d1b6a682d0909904c2bcd355b02303104fb7"
  integrity sha512-Y4d+WH6hs+KZJUC8YKLYGarjGekBrhslDbf/R20oV+AakHPINSitHfDRQz3EGcEWc1luXYNUvMhawWtZVWNGvQ==
  dependencies:
    tslib "^1.9.3"

cross-fetch@3.0.6:
  version "3.0.6"
  resolved "https://registry.yarnpkg.com/cross-fetch/-/cross-fetch-3.0.6.tgz#3a4040bc8941e653e0e9cf17f29ebcd177d3365c"
  integrity sha512-KBPUbqgFjzWlVcURG+Svp9TlhA5uliYtiNx/0r8nv0pdypeQCRJ9IaSIc3q/x3q8t3F75cHuwxVql1HFGHCNJQ==
  dependencies:
    node-fetch "2.6.1"

fast-json-stable-stringify@^2.0.0:
  version "2.1.0"
  resolved "https://registry.yarnpkg.com/fast-json-stable-stringify/-/fast-json-stable-stringify-2.1.0.tgz#874bf69c6f404c2b5d99c481341399fd55892633"
  integrity sha512-lhd/wF+Lk98HZoTCtlVraHtfh5XYijIjalXck7saUtuanSDyLMxnHhSXEDJqHxD7msR8D0uCmqlkwjCV8xvwHw==

graphql-tag@2.11.0, graphql-tag@^2.11.0:
  version "2.11.0"
  resolved "https://registry.yarnpkg.com/graphql-tag/-/graphql-tag-2.11.0.tgz#1deb53a01c46a7eb401d6cb59dec86fa1cccbffd"
  integrity sha512-VmsD5pJqWJnQZMUeRwrDhfgoyqcfwEkvtpANqcoUG8/tOLkwNgU9mzub/Mc78OJMhHjx7gfAMTxzdG43VGg3bA==

graphql@15.4.0:
  version "15.4.0"
  resolved "https://registry.yarnpkg.com/graphql/-/graphql-15.4.0.tgz#e459dea1150da5a106486ba7276518b5295a4347"
  integrity sha512-EB3zgGchcabbsU9cFe1j+yxdzKQKAbGUWRb13DsrsMN1yyfmmIq+2+L5MqVWcDCE4V89R5AyUOi7sMOGxdsYtA==

hoist-non-react-statics@^3.3.2:
  version "3.3.2"
  resolved "https://registry.yarnpkg.com/hoist-non-react-statics/-/hoist-non-react-statics-3.3.2.tgz#ece0acaf71d62c2969c2ec59feff42a4b1a85b45"
  integrity sha512-/gGivxi8JPKWNm/W0jSmzcMPpfpPLc3dY/6GxhX2hQ9iGj3aDfklV4ET7NjKpSinLpJ5vafa9iiGIEZg10SfBw==
  dependencies:
    react-is "^16.7.0"

"js-tokens@^3.0.0 || ^4.0.0":
  version "4.0.0"
  resolved "https://registry.yarnpkg.com/js-tokens/-/js-tokens-4.0.0.tgz#19203fb59991df98e3a287050d4647cdeaf32499"
  integrity sha512-RdJUflcE3cUzKiMqQgsCu06FPu9UdIJO0beYbPhHN4k6apgJtifcoCtT9bcxOpYBtpD2kCM6Sbzg4CausW/PKQ==

lodash@4.17.20:
  version "4.17.20"
  resolved "https://registry.yarnpkg.com/lodash/-/lodash-4.17.20.tgz#b44a9b6297bcb698f1c51a3545a2b3b368d59c52"
  integrity sha512-PlhdFcillOINfeV7Ni6oF1TAEayyZBoZ8bcshTHqOYJYlrqzRK5hagpagky5o4HfCzzd1TRkXPMFq6cKk9rGmA==

loose-envify@^1.1.0, loose-envify@^1.4.0:
  version "1.4.0"
  resolved "https://registry.yarnpkg.com/loose-envify/-/loose-envify-1.4.0.tgz#71ee51fa7be4caec1a63839f7e682d8132d30caf"
  integrity sha512-lyuxPGr/Wfhrlem2CL/UcnUc1zcqKAImBDzukY7Y5F/yQiNdko6+fRLevlw1HgMySw7f611UIY408EtxRSoK3Q==
  dependencies:
    js-tokens "^3.0.0 || ^4.0.0"

node-fetch@2.6.1:
  version "2.6.1"
  resolved "https://registry.yarnpkg.com/node-fetch/-/node-fetch-2.6.1.tgz#045bd323631f76ed2e2b55573394416b639a0052"
  integrity sha512-V4aYg89jEoVRxRb2fJdAg8FHvI7cEyYdVAh94HH0UIK8oJxUfkjlDQN9RbMx+bEjP7+ggMiFRprSti032Oipxw==

object-assign@^4.1.1:
  version "4.1.1"
  resolved "https://registry.yarnpkg.com/object-assign/-/object-assign-4.1.1.tgz#2109adc7965887cfc05cbbd442cac8bfbb360863"
  integrity sha1-IQmtx5ZYh8/AXLvUQsrIv7s2CGM=

optimism@^0.13.0:
  version "0.13.2"
  resolved "https://registry.yarnpkg.com/optimism/-/optimism-0.13.2.tgz#002a438b69652bfe8f8754a4493ed35c2e9d9821"
  integrity sha512-kJkpDUEs/Rp8HsAYYlDzyvQHlT6YZa95P+2GGNR8p/VvsIkt6NilAk7oeTvMRKCq7BeclB7+bmdIexog2859GQ==
  dependencies:
    "@wry/context" "^0.5.2"

prop-types@^15.7.2:
  version "15.7.2"
  resolved "https://registry.yarnpkg.com/prop-types/-/prop-types-15.7.2.tgz#52c41e75b8c87e72b9d9360e0206b99dcbffa6c5"
  integrity sha512-8QQikdH7//R2vurIJSutZ1smHYTcLpRWEOlHnzcWHmBYrOGUysKwSsrC89BCiFj3CbrfJ/nXFdJepOVrY1GCHQ==
  dependencies:
    loose-envify "^1.4.0"
    object-assign "^4.1.1"
    react-is "^16.8.1"

react-is@^16.7.0, react-is@^16.8.1:
  version "16.13.1"
  resolved "https://registry.yarnpkg.com/react-is/-/react-is-16.13.1.tgz#789729a4dc36de2999dc156dd6c1d9c18cea56a4"
  integrity sha512-24e6ynE2H+OKt4kqsOvNd8kBpV65zoxbA4BVsEOB3ARVWQki/DHzaUoC5KuON/BiccDaCCTZBuOcfZs70kR8bQ==

react@17.0.1:
  version "17.0.1"
  resolved "https://registry.yarnpkg.com/react/-/react-17.0.1.tgz#6e0600416bd57574e3f86d92edba3d9008726127"
  integrity sha512-lG9c9UuMHdcAexXtigOZLX8exLWkW0Ku29qPRU8uhF2R9BN96dLCt0psvzPLlHc5OWkgymP3qwTRgbnw5BKx3w==
  dependencies:
    loose-envify "^1.1.0"
    object-assign "^4.1.1"

symbol-observable@^2.0.0:
  version "2.0.3"
  resolved "https://registry.yarnpkg.com/symbol-observable/-/symbol-observable-2.0.3.tgz#5b521d3d07a43c351055fa43b8355b62d33fd16a"
  integrity sha512-sQV7phh2WCYAn81oAkakC5qjq2Ml0g8ozqz03wOGnx9dDlG1de6yrF+0RAzSJD8fPUow3PTSMf2SAbOGxb93BA==

ts-invariant@^0.5.0:
  version "0.5.1"
  resolved "https://registry.yarnpkg.com/ts-invariant/-/ts-invariant-0.5.1.tgz#4171fdb85f72a40381c147afd97c12154ada2abc"
  integrity sha512-k3UpDNrBZpqJFnAAkAHNmSHtNuCxcU6xLiziPgalHRKZHme6T6jnKC8CcXDmk1zbHLQM8pc+rNC1Q6FvXMAl+g==
  dependencies:
    tslib "^1.9.3"

tslib@^1.10.0, tslib@^1.14.1, tslib@^1.9.3:
  version "1.14.1"
  resolved "https://registry.yarnpkg.com/tslib/-/tslib-1.14.1.tgz#cf2d38bdc34a134bcaf1091c41f6619e2f672d00"
  integrity sha512-Xni35NKzjgMrwevysHTCArtLDpPvye8zV/0E4EyYn43P7/7qvQwPh9BGkHewbMulVntbigmcT7rdX3BNo9wRJg==

typescript@4.1.2:
  version "4.1.2"
  resolved "https://registry.yarnpkg.com/typescript/-/typescript-4.1.2.tgz#6369ef22516fe5e10304aae5a5c4862db55380e9"
  integrity sha512-thGloWsGH3SOxv1SoY7QojKi0tc+8FnOmiarEGMbd/lar7QOEd3hvlx3Fp5y6FlDUGl9L+pd4n2e+oToGMmhRQ==

zen-observable@^0.8.14:
  version "0.8.15"
  resolved "https://registry.yarnpkg.com/zen-observable/-/zen-observable-0.8.15.tgz#96415c512d8e3ffd920afd3889604e30b9eaac15"
  integrity sha512-PQ2PC7R9rslx84ndNBZB/Dkv8V8fZEpk83RLgXtYd0fwUgEjseMn1Dgajh2x6S8QbZAFa9p2qVCEuYZNgve0dQ==
